
Microsoft Visual Studio Solution File, Format Version 12.00
# Visual Studio Version 16
VisualStudioVersion = 16.0.30320.27
MinimumVisualStudioVersion = 10.0.40219.1
Project("{D2ABAB84-BF74-430A-B69E-9DC6D40DDA17}") = "Ejercicio1", "Ejercicio1\Ejercicio1.dwproj", "{A66A6A76-EAF0-40FF-99E5-ECAFD9490A72}"
EndProject
Global
	GlobalSection(SolutionConfigurationPlatforms) = preSolution
		Development|Default = Development|Default
	EndGlobalSection
	GlobalSection(ProjectConfigurationPlatforms) = postSolution
		{A66A6A76-EAF0-40FF-99E5-ECAFD9490A72}.Development|Default.ActiveCfg = Development
		{A66A6A76-EAF0-40FF-99E5-ECAFD9490A72}.Development|Default.Build.0 = Development
		{A66A6A76-EAF0-40FF-99E5-ECAFD9490A72}.Development|Default.Deploy.0 = Development
	EndGlobalSection
	GlobalSection(SolutionProperties) = preSolution
		HideSolutionNode = FALSE
	EndGlobalSection
	GlobalSection(ExtensibilityGlobals) = postSolution
		SolutionGuid = {5D3FBFC8-95B6-4721-B1E1-59E232D914DD}
	EndGlobalSection
EndGlobal
